
Microsoft Visual Studio Solution File, Format Version 12.00
Project("{FAE04EC0-301F-11D3-BF4B-00C04F79EFBC}") = "AirportBaggageCompartment", "AirportBaggageCompartment\AirportBaggageCompartment.csproj", "{818E17E8-89F6-4F93-BD2D-9B848E0F3188}"
EndProject
Project("{FAE04EC0-301F-11D3-BF4B-00C04F79EFBC}") = "ConsoleApp1", "ConsoleApp1\ConsoleApp1.csproj", "{01E80221-C4CA-4B12-953F-7F8511981B5C}"
EndProject
Global
	GlobalSection(SolutionConfigurationPlatforms) = preSolution
		Debug|Any CPU = Debug|Any CPU
		Release|Any CPU = Release|Any CPU
	EndGlobalSection
	GlobalSection(ProjectConfigurationPlatforms) = postSolution
		{818E17E8-89F6-4F93-BD2D-9B848E0F3188}.Debug|Any CPU.ActiveCfg = Debug|Any CPU
		{818E17E8-89F6-4F93-BD2D-9B848E0F3188}.Debug|Any CPU.Build.0 = Debug|Any CPU
		{818E17E8-89F6-4F93-BD2D-9B848E0F3188}.Release|Any CPU.ActiveCfg = Release|Any CPU
		{818E17E8-89F6-4F93-BD2D-9B848E0F3188}.Release|Any CPU.Build.0 = Release|Any CPU
		{01E80221-C4CA-4B12-953F-7F8511981B5C}.Debug|Any CPU.ActiveCfg = Debug|Any CPU
		{01E80221-C4CA-4B12-953F-7F8511981B5C}.Debug|Any CPU.Build.0 = Debug|Any CPU
		{01E80221-C4CA-4B12-953F-7F8511981B5C}.Release|Any CPU.ActiveCfg = Release|Any CPU
		{01E80221-C4CA-4B12-953F-7F8511981B5C}.Release|Any CPU.Build.0 = Release|Any CPU
	EndGlobalSection
EndGlobal
